// !$*UTF8*$!
{
	archiveVersion = 1;
	classes = {
	};
	objectVersion = 50;
	objects = {

/* Begin PBXBuildFile section */
		2212E1E72365E45000A227DB /* AppDelegate.swift in Sources */ = {isa = PBXBuildFile; fileRef = 2212E1E62365E45000A227DB /* AppDelegate.swift */; };
		2212E1E92365E45000A227DB /* art.scnassets in Resources */ = {isa = PBXBuildFile; fileRef = 2212E1E82365E45000A227DB /* art.scnassets */; };
		2212E1EB2365E45000A227DB /* ViewController.swift in Sources */ = {isa = PBXBuildFile; fileRef = 2212E1EA2365E45000A227DB /* ViewController.swift */; };
		2212E1EE2365E45000A227DB /* Main.storyboard in Resources */ = {isa = PBXBuildFile; fileRef = 2212E1EC2365E45000A227DB /* Main.storyboard */; };
		2212E1F02365E45400A227DB /* Assets.xcassets in Resources */ = {isa = PBXBuildFile; fileRef = 2212E1EF2365E45400A227DB /* Assets.xcassets */; };
		2212E1F32365E45400A227DB /* LaunchScreen.storyboard in Resources */ = {isa = PBXBuildFile; fileRef = 2212E1F12365E45400A227DB /* LaunchScreen.storyboard */; };
		2212E1FB2365EB5E00A227DB /* harrypotter.mp4 in Resources */ = {isa = PBXBuildFile; fileRef = 2212E1FA2365EB5E00A227DB /* harrypotter.mp4 */; };
/* End PBXBuildFile section */

/* Begin PBXFileReference section */
		2212E1E32365E45000A227DB /* AR-MagicPaper.app */ = {isa = PBXFileReference; explicitFileType = wrapper.application; includeInIndex = 0; path = "AR-MagicPaper.app"; sourceTree = BUILT_PRODUCTS_DIR; };
		2212E1E62365E45000A227DB /* AppDelegate.swift */ = {isa = PBXFileReference; lastKnownFileType = sourcecode.swift; path = AppDelegate.swift; sourceTree = "<group>"; };
		2212E1E82365E45000A227DB /* art.scnassets */ = {isa = PBXFileReference; lastKnownFileType = wrapper.scnassets; path = art.scnassets; sourceTree = "<group>"; };
		2212E1EA2365E45000A227DB /* ViewController.swift */ = {isa = PBXFileReference; lastKnownFileType = sourcecode.swift; path = ViewController.swift; sourceTree = "<group>"; };
		2212E1ED2365E45000A227DB /* Base */ = {isa = PBXFileReference; lastKnownFileType = file.storyboard; name = Base; path = Base.lproj/Main.storyboard; sourceTree = "<group>"; };
		2212E1EF2365E45400A227DB /* Assets.xcassets */ = {isa = PBXFileReference; lastKnownFileType = folder.assetcatalog; path = Assets.xcassets; sourceTree = "<group>"; };
		2212E1F22365E45400A227DB /* Base */ = {isa = PBXFileReference; lastKnownFileType = file.storyboard; name = Base; path = Base.lproj/LaunchScreen.storyboard; sourceTree = "<group>"; };
		2212E1F42365E45400A227DB /* Info.plist */ = {isa = PBXFileReference; lastKnownFileType = text.plist.xml; path = Info.plist; sourceTree = "<group>"; };
		2212E1FA2365EB5E00A227DB /* harrypotter.mp4 */ = {isa = PBXFileReference; lastKnownFileType = file; path = harrypotter.mp4; sourceTree = SOURCE_ROOT; };
/* End PBXFileReference section */

/* Begin PBXFrameworksBuildPhase section */
		2212E1E02365E45000A227DB /* Frameworks */ = {
			isa = PBXFrameworksBuildPhase;
			buildActionMask = 2147483647;
			files = (
			);
			runOnlyForDeploymentPostprocessing = 0;
		};
/* End PBXFrameworksBuildPhase section */

/* Begin PBXGroup section */
		2212E1DA2365E45000A227DB = {
			isa = PBXGroup;
			children = (
				2212E1E52365E45000A227DB /* AR-MagicPaper */,
				2212E1E42365E45000A227DB /* Products */,
			);
			sourceTree = "<group>";
		};
		2212E1E42365E45000A227DB /* Products */ = {
			isa = PBXGroup;
			children = (
				2212E1E32365E45000A227DB /* AR-MagicPaper.app */,
			);
			name = Products;
			sourceTree = "<group>";
		};
		2212E1E52365E45000A227DB /* AR-MagicPaper */ = {
			isa = PBXGroup;
			children = (
				2212E1FA2365EB5E00A227DB /* harrypotter.mp4 */,
				2212E1E62365E45000A227DB /* AppDelegate.swift */,
				2212E1EA2365E45000A227DB /* ViewController.swift */,
				2212E1EC2365E45000A227DB /* Main.storyboard */,
				2212E1E82365E45000A227DB /* art.scnassets */,
				2212E1EF2365E45400A227DB /* Assets.xcassets */,
				2212E1F12365E45400A227DB /* LaunchScreen.storyboard */,
				2212E1F42365E45400A227DB /* Info.plist */,
			);
			path = "AR-MagicPaper";
			sourceTree = "<group>";
		};
/* End PBXGroup section */

/* Begin PBXNativeTarget section */
		2212E1E22365E45000A227DB /* AR-MagicPaper */ = {
			isa = PBXNativeTarget;
			buildConfigurationList = 2212E1F72365E45400A227DB /* Build configuration list for PBXNativeTarget "AR-MagicPaper" */;
			buildPhases = (
				2212E1DF2365E45000A227DB /* Sources */,
				2212E1E02365E45000A227DB /* Frameworks */,
				2212E1E12365E45000A227DB /* Resources */,
			);
			buildRules = (
			);
			dependencies = (
			);
			name = "AR-MagicPaper";
			productName = "AR-MagicPaper";
			productReference = 2212E1E32365E45000A227DB /* AR-MagicPaper.app */;
			productType = "com.apple.product-type.application";
		};
/* End PBXNativeTarget section */

/* Begin PBXProject section */
		2212E1DB2365E45000A227DB /* Project object */ = {
			isa = PBXProject;
			attributes = {
				LastSwiftUpdateCheck = 1110;
				LastUpgradeCheck = 1110;
				ORGANIZATIONNAME = "Santhosh Umapathi";
				TargetAttributes = {
					2212E1E22365E45000A227DB = {
						CreatedOnToolsVersion = 11.1;
					};
				};
			};
			buildConfigurationList = 2212E1DE2365E45000A227DB /* Build configuration list for PBXProject "AR-MagicPaper" */;
			compatibilityVersion = "Xcode 9.3";
			developmentRegion = en;
			hasScannedForEncodings = 0;
			knownRegions = (
				en,
				Base,
			);
			mainGroup = 2212E1DA2365E45000A227DB;
			productRefGroup = 2212E1E42365E45000A227DB /* Products */;
			projectDirPath = "";
			projectRoot = "";
			targets = (
				2212E1E22365E45000A227DB /* AR-MagicPaper */,
			);
		};
/* End PBXProject section */

/* Begin PBXResourcesBuildPhase section */
		2212E1E12365E45000A227DB /* Resources */ = {
			isa = PBXResourcesBuildPhase;
			buildActionMask = 2147483647;
			files = (
				2212E1E92365E45000A227DB /* art.scnassets in Resources */,
				2212E1F32365E45400A227DB /* LaunchScreen.storyboard in Resources */,
				2212E1FB2365EB5E00A227DB /* harrypotter.mp4 in Resources */,
				2212E1F02365E45400A227DB /* Assets.xcassets in Resources */,
				2212E1EE2365E45000A227DB /* Main.storyboard in Resources */,
			);
			runOnlyForDeploymentPostprocessing = 0;
		};
/* End PBXResourcesBuildPhase section */

/* Begin PBXSourcesBuildPhase section */
		2212E1DF2365E45000A227DB /* Sources */ = {
			isa = PBXSourcesBuildPhase;
			buildActionMask = 2147483647;
			files = (
				2212E1EB2365E45000A227DB /* ViewController.swift in Sources */,
				2212E1E72365E45000A227DB /* AppDelegate.swift in Sources */,
			);
			runOnlyForDeploymentPostprocessing = 0;
		};
/* End PBXSourcesBuildPhase section */

/* Begin PBXVariantGroup section */
		2212E1EC2365E45000A227DB /* Main.storyboard */ = {
			isa = PBXVariantGroup;
			children = (
				2212E1ED2365E45000A227DB /* Base */,
			);
			name = Main.storyboard;
			sourceTree = "<group>";
		};
		2212E1F12365E45400A227DB /* LaunchScreen.storyboard */ = {
			isa = PBXVariantGroup;
			children = (
				2212E1F22365E45400A227DB /* Base */,
			);
			name = LaunchScreen.storyboard;
			sourceTree = "<group>";
		};
/* End PBXVariantGroup section */

/* Begin XCBuildConfiguration section */
		2212E1F52365E45400A227DB /* Debug */ = {
			isa = XCBuildConfiguration;
			buildSettings = {
				ALWAYS_SEARCH_USER_PATHS = NO;
				CLANG_ANALYZER_NONNULL = YES;
				CLANG_ANALYZER_NUMBER_OBJECT_CONVERSION = YES_AGGRESSIVE;
				CLANG_CXX_LANGUAGE_STANDARD = "gnu++14";
				CLANG_CXX_LIBRARY = "libc++";
				CLANG_ENABLE_MODULES = YES;
				CLANG_ENABLE_OBJC_ARC = YES;
				CLANG_ENABLE_OBJC_WEAK = YES;
				CLANG_WARN_BLOCK_CAPTURE_AUTORELEASING = YES;
				CLANG_WARN_BOOL_CONVERSION = YES;
				CLANG_WARN_COMMA = YES;
				CLANG_WARN_CONSTANT_CONVERSION = YES;
				CLANG_WARN_DEPRECATED_OBJC_IMPLEMENTATIONS = YES;
				CLANG_WARN_DIRECT_OBJC_ISA_USAGE = YES_ERROR;
				CLANG_WARN_DOCUMENTATION_COMMENTS = YES;
				CLANG_WARN_EMPTY_BODY = YES;
				CLANG_WARN_ENUM_CONVERSION = YES;
				CLANG_WARN_INFINITE_RECURSION = YES;
				CLANG_WARN_INT_CONVERSION = YES;
				CLANG_WARN_NON_LITERAL_NULL_CONVERSION = YES;
				CLANG_WARN_OBJC_IMPLICIT_RETAIN_SELF = YES;
				CLANG_WARN_OBJC_LITERAL_CONVERSION = YES;
				CLANG_WARN_OBJC_ROOT_CLASS = YES_ERROR;
				CLANG_WARN_RANGE_LOOP_ANALYSIS = YES;
				CLANG_WARN_STRICT_PROTOTYPES = YES;
				CLANG_WARN_SUSPICIOUS_MOVE = YES;
				CLANG_WARN_UNGUARDED_AVAILABILITY = YES_AGGRESSIVE;
				CLANG_WARN_UNREACHABLE_CODE = YES;
				CLANG_WARN__DUPLICATE_METHOD_MATCH = YES;
				COPY_PHASE_STRIP = NO;
				DEBUG_INFORMATION_FORMAT = dwarf;
				ENABLE_STRICT_OBJC_MSGSEND = YES;
				ENABLE_TESTABILITY = YES;
				GCC_C_LANGUAGE_STANDARD = gnu11;
				GCC_DYNAMIC_NO_PIC = NO;
				GCC_NO_COMMON_BLOCKS = YES;
				GCC_OPTIMIZATION_LEVEL = 0;
				GCC_PREPROCESSOR_DEFINITIONS = (
					"DEBUG=1",
					"$(inherited)",
				);
				GCC_WARN_64_TO_32_BIT_CONVERSION = YES;
				GCC_WARN_ABOUT_RETURN_TYPE = YES_ERROR;
				GCC_WARN_UNDECLARED_SELECTOR = YES;
				GCC_WARN_UNINITIALIZED_AUTOS = YES_AGGRESSIVE;
				GCC_WARN_UNUSED_FUNCTION = YES;
				GCC_WARN_UNUSED_VARIABLE = YES;
				IPHONEOS_DEPLOYMENT_TARGET = 13.1;
				MTL_ENABLE_DEBUG_INFO = INCLUDE_SOURCE;
				MTL_FAST_MATH = YES;
				ONLY_ACTIVE_ARCH = YES;
				SDKROOT = iphoneos;
				SWIFT_ACTIVE_COMPILATION_CONDITIONS = DEBUG;
				SWIFT_OPTIMIZATION_LEVEL = "-Onone";
			};
			name = Debug;
		};
		2212E1F62365E45400A227DB /* Release */ = {
			isa = XCBuildConfiguration;
			buildSettings = {
				ALWAYS_SEARCH_USER_PATHS = NO;
				CLANG_ANALYZER_NONNULL = YES;
				CLANG_ANALYZER_NUMBER_OBJECT_CONVERSION = YES_AGGRESSIVE;
				CLANG_CXX_LANGUAGE_STANDARD = "gnu++14";
				CLANG_CXX_LIBRARY = "libc++";
				CLANG_ENABLE_MODULES = YES;
				CLANG_ENABLE_OBJC_ARC = YES;
				CLANG_ENABLE_OBJC_WEAK = YES;
				CLANG_WARN_BLOCK_CAPTURE_AUTORELEASING = YES;
				CLANG_WARN_BOOL_CONVERSION = YES;
				CLANG_WARN_COMMA = YES;
				CLANG_WARN_CONSTANT_CONVERSION = YES;
				CLANG_WARN_DEPRECATED_OBJC_IMPLEMENTATIONS = YES;
				CLANG_WARN_DIRECT_OBJC_ISA_USAGE = YES_ERROR;
				CLANG_WARN_DOCUMENTATION_COMMENTS = YES;
				CLANG_WARN_EMPTY_BODY = YES;
				CLANG_WARN_ENUM_CONVERSION = YES;
				CLANG_WARN_INFINITE_RECURSION = YES;
				CLANG_WARN_INT_CONVERSION = YES;
				CLANG_WARN_NON_LITERAL_NULL_CONVERSION = YES;
				CLANG_WARN_OBJC_IMPLICIT_RETAIN_SELF = YES;
				CLANG_WARN_OBJC_LITERAL_CONVERSION = YES;
				CLANG_WARN_OBJC_ROOT_CLASS = YES_ERROR;
				CLANG_WARN_RANGE_LOOP_ANALYSIS = YES;
				CLANG_WARN_STRICT_PROTOTYPES = YES;
				CLANG_WARN_SUSPICIOUS_MOVE = YES;
				CLANG_WARN_UNGUARDED_AVAILABILITY = YES_AGGRESSIVE;
				CLANG_WARN_UNREACHABLE_CODE = YES;
				CLANG_WARN__DUPLICATE_METHOD_MATCH = YES;
				COPY_PHASE_STRIP = NO;
				DEBUG_INFORMATION_FORMAT = "dwarf-with-dsym";
				ENABLE_NS_ASSERTIONS = NO;
				ENABLE_STRICT_OBJC_MSGSEND = YES;
				GCC_C_LANGUAGE_STANDARD = gnu11;
				GCC_NO_COMMON_BLOCKS = YES;
				GCC_WARN_64_TO_32_BIT_CONVERSION = YES;
				GCC_WARN_ABOUT_RETURN_TYPE = YES_ERROR;
				GCC_WARN_UNDECLARED_SELECTOR = YES;
				GCC_WARN_UNINITIALIZED_AUTOS = YES_AGGRESSIVE;
				GCC_WARN_UNUSED_FUNCTION = YES;
				GCC_WARN_UNUSED_VARIABLE = YES;
				IPHONEOS_DEPLOYMENT_TARGET = 13.1;
				MTL_ENABLE_DEBUG_INFO = NO;
				MTL_FAST_MATH = YES;
				SDKROOT = iphoneos;
				SWIFT_COMPILATION_MODE = wholemodule;
				SWIFT_OPTIMIZATION_LEVEL = "-O";
				VALIDATE_PRODUCT = YES;
			};
			name = Release;
		};
		2212E1F82365E45400A227DB /* Debug */ = {
			isa = XCBuildConfiguration;
			buildSettings = {
				ASSETCATALOG_COMPILER_APPICON_NAME = AppIcon;
				CODE_SIGN_STYLE = Automatic;
				DEVELOPMENT_TEAM = DT4P5UQL4U;
				INFOPLIST_FILE = "AR-MagicPaper/Info.plist";
				LD_RUNPATH_SEARCH_PATHS = (
					"$(inherited)",
					"@executable_path/Frameworks",
				);
				PRODUCT_BUNDLE_IDENTIFIER = "com.techsatdoor.ARMagicPaper.AR-MagicPaper";
				PRODUCT_NAME = "$(TARGET_NAME)";
				SWIFT_VERSION = 5.0;
				TARGETED_DEVICE_FAMILY = "1,2";
			};
			name = Debug;
		};
		2212E1F92365E45400A227DB /* Release */ = {
			isa = XCBuildConfiguration;
			buildSettings = {
				ASSETCATALOG_COMPILER_APPICON_NAME = AppIcon;
				CODE_SIGN_STYLE = Automatic;
				DEVELOPMENT_TEAM = DT4P5UQL4U;
				INFOPLIST_FILE = "AR-MagicPaper/Info.plist";
				LD_RUNPATH_SEARCH_PATHS = (
					"$(inherited)",
					"@executable_path/Frameworks",
				);
				PRODUCT_BUNDLE_IDENTIFIER = "com.techsatdoor.ARMagicPaper.AR-MagicPaper";
				PRODUCT_NAME = "$(TARGET_NAME)";
				SWIFT_VERSION = 5.0;
				TARGETED_DEVICE_FAMILY = "1,2";
			};
			name = Release;
		};
/* End XCBuildConfiguration section */

/* Begin XCConfigurationList section */
		2212E1DE2365E45000A227DB /* Build configuration list for PBXProject "AR-MagicPaper" */ = {
			isa = XCConfigurationList;
			buildConfigurations = (
				2212E1F52365E45400A227DB /* Debug */,
				2212E1F62365E45400A227DB /* Release */,
			);
			defaultConfigurationIsVisible = 0;
			defaultConfigurationName = Release;
		};
		2212E1F72365E45400A227DB /* Build configuration list for PBXNativeTarget "AR-MagicPaper" */ = {
			isa = XCConfigurationList;
			buildConfigurations = (
				2212E1F82365E45400A227DB /* Debug */,
				2212E1F92365E45400A227DB /* Release */,
			);
			defaultConfigurationIsVisible = 0;
			defaultConfigurationName = Release;
		};
/* End XCConfigurationList section */
	};
	rootObject = 2212E1DB2365E45000A227DB /* Project object */;
}
